
Microsoft Visual Studio Solution File, Format Version 12.00
# Visual Studio 15
VisualStudioVersion = 15.0.27428.2027
MinimumVisualStudioVersion = 10.0.40219.1
Project("{FAE04EC0-301F-11D3-BF4B-00C04F79EFBC}") = "01MySingleton", "01MySingleton\01MySingleton.csproj", "{B440500D-E86E-4D30-BEF5-C9E8A51798B0}"
EndProject
Project("{FAE04EC0-301F-11D3-BF4B-00C04F79EFBC}") = "02SimpleFactory", "02SimpleFactory\02SimpleFactory.csproj", "{823623BF-BBF3-46EC-819E-3E30F32A3D91}"
EndProject
Project("{FAE04EC0-301F-11D3-BF4B-00C04F79EFBC}") = "03FactoryMethod", "03FactoryMethod\03FactoryMethod.csproj", "{2FDE7F79-6436-4242-85DB-EA684D1533F3}"
EndProject
Project("{FAE04EC0-301F-11D3-BF4B-00C04F79EFBC}") = "04AbstractFactory", "04AbstractFactory\04AbstractFactory.csproj", "{39A2136B-052D-4C6F-8706-4DCB1B824A75}"
EndProject
Project("{FAE04EC0-301F-11D3-BF4B-00C04F79EFBC}") = "05PropertyModel", "05PropertyModel\05PropertyModel.csproj", "{86B360FE-CF94-4034-B302-235F50E6BDD3}"
EndProject
Project("{FAE04EC0-301F-11D3-BF4B-00C04F79EFBC}") = "06Adapter", "06Adapter\06Adapter.csproj", "{F082CE46-F9F4-46B3-9C28-E7CF4EB9AE04}"
EndProject
Project("{FAE04EC0-301F-11D3-BF4B-00C04F79EFBC}") = "07Bridge", "07Bridge\07Bridge.csproj", "{A9378451-B2FC-4E98-82FB-2278D969CDF8}"
EndProject
Project("{FAE04EC0-301F-11D3-BF4B-00C04F79EFBC}") = "08CompositeMode", "08CompositeMode\08CompositeMode.csproj", "{CAC76A28-A98F-4C6A-ACD1-935AC971E43D}"
EndProject
Project("{FAE04EC0-301F-11D3-BF4B-00C04F79EFBC}") = "09Decorator", "09Decorator\09Decorator.csproj", "{D71DD109-287D-4E30-A38A-A2EB023C151C}"
EndProject
Project("{FAE04EC0-301F-11D3-BF4B-00C04F79EFBC}") = "10Facade", "10Facade\10Facade.csproj", "{A7E92B7E-03FB-4292-98F0-1636D58DF928}"
EndProject
Project("{FAE04EC0-301F-11D3-BF4B-00C04F79EFBC}") = "11Flyweight", "11Flyweight\11Flyweight.csproj", "{0FC1DB33-4B68-4842-8424-F9EEB473B05B}"
EndProject
Project("{FAE04EC0-301F-11D3-BF4B-00C04F79EFBC}") = "12Proxy", "12Proxy\12Proxy.csproj", "{49C67DA4-D444-4C3E-B334-A9895803395B}"
EndProject
Project("{FAE04EC0-301F-11D3-BF4B-00C04F79EFBC}") = "13Interpreter", "13Interpreter\13Interpreter.csproj", "{B2090C4E-EBDB-4AD5-A545-35A86780DD17}"
EndProject
Project("{FAE04EC0-301F-11D3-BF4B-00C04F79EFBC}") = "14TemplateMethod", "14TemplateMethod\14TemplateMethod.csproj", "{9AA50258-D413-4612-88B2-ED3116D1B158}"
EndProject
Project("{FAE04EC0-301F-11D3-BF4B-00C04F79EFBC}") = "15ResponsibilityChain", "15ResponsibilityChain\15ResponsibilityChain.csproj", "{3143D972-826F-444C-B872-6B4616C403D9}"
EndProject
Project("{FAE04EC0-301F-11D3-BF4B-00C04F79EFBC}") = "16Command", "16Command\16Command.csproj", "{8BE766CC-B362-4818-BA60-9E998B6ADF26}"
EndProject
Project("{FAE04EC0-301F-11D3-BF4B-00C04F79EFBC}") = "17Iterator", "17Iterator\17Iterator.csproj", "{8BA6D1B5-0317-4C4B-8E95-3BCC35E156E2}"
EndProject
Project("{FAE04EC0-301F-11D3-BF4B-00C04F79EFBC}") = "18Mediator", "18Mediator\18Mediator.csproj", "{594B41C9-30E8-4434-85F2-28E5A952A2C3}"
EndProject
Project("{FAE04EC0-301F-11D3-BF4B-00C04F79EFBC}") = "19Memento", "19Memento\19Memento.csproj", "{09417896-2754-4F66-B7C8-414CA5D1362E}"
EndProject
Project("{FAE04EC0-301F-11D3-BF4B-00C04F79EFBC}") = "20Observer", "20Observer\20Observer.csproj", "{9FED2FA0-916B-4D21-A0B3-156444DACC6D}"
EndProject
Project("{FAE04EC0-301F-11D3-BF4B-00C04F79EFBC}") = "21State", "21State\21State.csproj", "{D5275B88-AD94-4BA7-8D2B-68B3C36D03BD}"
EndProject
Project("{FAE04EC0-301F-11D3-BF4B-00C04F79EFBC}") = "22Stratege", "22Stratege\22Stratege.csproj", "{4E5BDB48-8522-45F3-A666-69DA999FB18A}"
EndProject
Project("{FAE04EC0-301F-11D3-BF4B-00C04F79EFBC}") = "23Visitor", "23Visitor\23Visitor.csproj", "{53AB9325-08D7-4FDD-BE9F-11F42F96FC95}"
EndProject
Global
	GlobalSection(SolutionConfigurationPlatforms) = preSolution
		Debug|Any CPU = Debug|Any CPU
		Release|Any CPU = Release|Any CPU
	EndGlobalSection
	GlobalSection(ProjectConfigurationPlatforms) = postSolution
		{B440500D-E86E-4D30-BEF5-C9E8A51798B0}.Debug|Any CPU.ActiveCfg = Debug|Any CPU
		{B440500D-E86E-4D30-BEF5-C9E8A51798B0}.Debug|Any CPU.Build.0 = Debug|Any CPU
		{B440500D-E86E-4D30-BEF5-C9E8A51798B0}.Release|Any CPU.ActiveCfg = Release|Any CPU
		{B440500D-E86E-4D30-BEF5-C9E8A51798B0}.Release|Any CPU.Build.0 = Release|Any CPU
		{823623BF-BBF3-46EC-819E-3E30F32A3D91}.Debug|Any CPU.ActiveCfg = Debug|Any CPU
		{823623BF-BBF3-46EC-819E-3E30F32A3D91}.Debug|Any CPU.Build.0 = Debug|Any CPU
		{823623BF-BBF3-46EC-819E-3E30F32A3D91}.Release|Any CPU.ActiveCfg = Release|Any CPU
		{823623BF-BBF3-46EC-819E-3E30F32A3D91}.Release|Any CPU.Build.0 = Release|Any CPU
		{2FDE7F79-6436-4242-85DB-EA684D1533F3}.Debug|Any CPU.ActiveCfg = Debug|Any CPU
		{2FDE7F79-6436-4242-85DB-EA684D1533F3}.Debug|Any CPU.Build.0 = Debug|Any CPU
		{2FDE7F79-6436-4242-85DB-EA684D1533F3}.Release|Any CPU.ActiveCfg = Release|Any CPU
		{2FDE7F79-6436-4242-85DB-EA684D1533F3}.Release|Any CPU.Build.0 = Release|Any CPU
		{39A2136B-052D-4C6F-8706-4DCB1B824A75}.Debug|Any CPU.ActiveCfg = Debug|Any CPU
		{39A2136B-052D-4C6F-8706-4DCB1B824A75}.Debug|Any CPU.Build.0 = Debug|Any CPU
		{39A2136B-052D-4C6F-8706-4DCB1B824A75}.Release|Any CPU.ActiveCfg = Release|Any CPU
		{39A2136B-052D-4C6F-8706-4DCB1B824A75}.Release|Any CPU.Build.0 = Release|Any CPU
		{86B360FE-CF94-4034-B302-235F50E6BDD3}.Debug|Any CPU.ActiveCfg = Debug|Any CPU
		{86B360FE-CF94-4034-B302-235F50E6BDD3}.Debug|Any CPU.Build.0 = Debug|Any CPU
		{86B360FE-CF94-4034-B302-235F50E6BDD3}.Release|Any CPU.ActiveCfg = Release|Any CPU
		{86B360FE-CF94-4034-B302-235F50E6BDD3}.Release|Any CPU.Build.0 = Release|Any CPU
		{F082CE46-F9F4-46B3-9C28-E7CF4EB9AE04}.Debug|Any CPU.ActiveCfg = Debug|Any CPU
		{F082CE46-F9F4-46B3-9C28-E7CF4EB9AE04}.Debug|Any CPU.Build.0 = Debug|Any CPU
		{F082CE46-F9F4-46B3-9C28-E7CF4EB9AE04}.Release|Any CPU.ActiveCfg = Release|Any CPU
		{F082CE46-F9F4-46B3-9C28-E7CF4EB9AE04}.Release|Any CPU.Build.0 = Release|Any CPU
		{A9378451-B2FC-4E98-82FB-2278D969CDF8}.Debug|Any CPU.ActiveCfg = Debug|Any CPU
		{A9378451-B2FC-4E98-82FB-2278D969CDF8}.Debug|Any CPU.Build.0 = Debug|Any CPU
		{A9378451-B2FC-4E98-82FB-2278D969CDF8}.Release|Any CPU.ActiveCfg = Release|Any CPU
		{A9378451-B2FC-4E98-82FB-2278D969CDF8}.Release|Any CPU.Build.0 = Release|Any CPU
		{CAC76A28-A98F-4C6A-ACD1-935AC971E43D}.Debug|Any CPU.ActiveCfg = Debug|Any CPU
		{CAC76A28-A98F-4C6A-ACD1-935AC971E43D}.Debug|Any CPU.Build.0 = Debug|Any CPU
		{CAC76A28-A98F-4C6A-ACD1-935AC971E43D}.Release|Any CPU.ActiveCfg = Release|Any CPU
		{CAC76A28-A98F-4C6A-ACD1-935AC971E43D}.Release|Any CPU.Build.0 = Release|Any CPU
		{D71DD109-287D-4E30-A38A-A2EB023C151C}.Debug|Any CPU.ActiveCfg = Debug|Any CPU
		{D71DD109-287D-4E30-A38A-A2EB023C151C}.Debug|Any CPU.Build.0 = Debug|Any CPU
		{D71DD109-287D-4E30-A38A-A2EB023C151C}.Release|Any CPU.ActiveCfg = Release|Any CPU
		{D71DD109-287D-4E30-A38A-A2EB023C151C}.Release|Any CPU.Build.0 = Release|Any CPU
		{A7E92B7E-03FB-4292-98F0-1636D58DF928}.Debug|Any CPU.ActiveCfg = Debug|Any CPU
		{A7E92B7E-03FB-4292-98F0-1636D58DF928}.Debug|Any CPU.Build.0 = Debug|Any CPU
		{A7E92B7E-03FB-4292-98F0-1636D58DF928}.Release|Any CPU.ActiveCfg = Release|Any CPU
		{A7E92B7E-03FB-4292-98F0-1636D58DF928}.Release|Any CPU.Build.0 = Release|Any CPU
		{0FC1DB33-4B68-4842-8424-F9EEB473B05B}.Debug|Any CPU.ActiveCfg = Debug|Any CPU
		{0FC1DB33-4B68-4842-8424-F9EEB473B05B}.Debug|Any CPU.Build.0 = Debug|Any CPU
		{0FC1DB33-4B68-4842-8424-F9EEB473B05B}.Release|Any CPU.ActiveCfg = Release|Any CPU
		{0FC1DB33-4B68-4842-8424-F9EEB473B05B}.Release|Any CPU.Build.0 = Release|Any CPU
		{49C67DA4-D444-4C3E-B334-A9895803395B}.Debug|Any CPU.ActiveCfg = Debug|Any CPU
		{49C67DA4-D444-4C3E-B334-A9895803395B}.Debug|Any CPU.Build.0 = Debug|Any CPU
		{49C67DA4-D444-4C3E-B334-A9895803395B}.Release|Any CPU.ActiveCfg = Release|Any CPU
		{49C67DA4-D444-4C3E-B334-A9895803395B}.Release|Any CPU.Build.0 = Release|Any CPU
		{B2090C4E-EBDB-4AD5-A545-35A86780DD17}.Debug|Any CPU.ActiveCfg = Debug|Any CPU
		{B2090C4E-EBDB-4AD5-A545-35A86780DD17}.Debug|Any CPU.Build.0 = Debug|Any CPU
		{B2090C4E-EBDB-4AD5-A545-35A86780DD17}.Release|Any CPU.ActiveCfg = Release|Any CPU
		{B2090C4E-EBDB-4AD5-A545-35A86780DD17}.Release|Any CPU.Build.0 = Release|Any CPU
		{9AA50258-D413-4612-88B2-ED3116D1B158}.Debug|Any CPU.ActiveCfg = Debug|Any CPU
		{9AA50258-D413-4612-88B2-ED3116D1B158}.Debug|Any CPU.Build.0 = Debug|Any CPU
		{9AA50258-D413-4612-88B2-ED3116D1B158}.Release|Any CPU.ActiveCfg = Release|Any CPU
		{9AA50258-D413-4612-88B2-ED3116D1B158}.Release|Any CPU.Build.0 = Release|Any CPU
		{3143D972-826F-444C-B872-6B4616C403D9}.Debug|Any CPU.ActiveCfg = Debug|Any CPU
		{3143D972-826F-444C-B872-6B4616C403D9}.Debug|Any CPU.Build.0 = Debug|Any CPU
		{3143D972-826F-444C-B872-6B4616C403D9}.Release|Any CPU.ActiveCfg = Release|Any CPU
		{3143D972-826F-444C-B872-6B4616C403D9}.Release|Any CPU.Build.0 = Release|Any CPU
		{8BE766CC-B362-4818-BA60-9E998B6ADF26}.Debug|Any CPU.ActiveCfg = Debug|Any CPU
		{8BE766CC-B362-4818-BA60-9E998B6ADF26}.Debug|Any CPU.Build.0 = Debug|Any CPU
		{8BE766CC-B362-4818-BA60-9E998B6ADF26}.Release|Any CPU.ActiveCfg = Release|Any CPU
		{8BE766CC-B362-4818-BA60-9E998B6ADF26}.Release|Any CPU.Build.0 = Release|Any CPU
		{8BA6D1B5-0317-4C4B-8E95-3BCC35E156E2}.Debug|Any CPU.ActiveCfg = Debug|Any CPU
		{8BA6D1B5-0317-4C4B-8E95-3BCC35E156E2}.Debug|Any CPU.Build.0 = Debug|Any CPU
		{8BA6D1B5-0317-4C4B-8E95-3BCC35E156E2}.Release|Any CPU.ActiveCfg = Release|Any CPU
		{8BA6D1B5-0317-4C4B-8E95-3BCC35E156E2}.Release|Any CPU.Build.0 = Release|Any CPU
		{594B41C9-30E8-4434-85F2-28E5A952A2C3}.Debug|Any CPU.ActiveCfg = Debug|Any CPU
		{594B41C9-30E8-4434-85F2-28E5A952A2C3}.Debug|Any CPU.Build.0 = Debug|Any CPU
		{594B41C9-30E8-4434-85F2-28E5A952A2C3}.Release|Any CPU.ActiveCfg = Release|Any CPU
		{594B41C9-30E8-4434-85F2-28E5A952A2C3}.Release|Any CPU.Build.0 = Release|Any CPU
		{09417896-2754-4F66-B7C8-414CA5D1362E}.Debug|Any CPU.ActiveCfg = Debug|Any CPU
		{09417896-2754-4F66-B7C8-414CA5D1362E}.Debug|Any CPU.Build.0 = Debug|Any CPU
		{09417896-2754-4F66-B7C8-414CA5D1362E}.Release|Any CPU.ActiveCfg = Release|Any CPU
		{09417896-2754-4F66-B7C8-414CA5D1362E}.Release|Any CPU.Build.0 = Release|Any CPU
		{9FED2FA0-916B-4D21-A0B3-156444DACC6D}.Debug|Any CPU.ActiveCfg = Debug|Any CPU
		{9FED2FA0-916B-4D21-A0B3-156444DACC6D}.Debug|Any CPU.Build.0 = Debug|Any CPU
		{9FED2FA0-916B-4D21-A0B3-156444DACC6D}.Release|Any CPU.ActiveCfg = Release|Any CPU
		{9FED2FA0-916B-4D21-A0B3-156444DACC6D}.Release|Any CPU.Build.0 = Release|Any CPU
		{D5275B88-AD94-4BA7-8D2B-68B3C36D03BD}.Debug|Any CPU.ActiveCfg = Debug|Any CPU
		{D5275B88-AD94-4BA7-8D2B-68B3C36D03BD}.Debug|Any CPU.Build.0 = Debug|Any CPU
		{D5275B88-AD94-4BA7-8D2B-68B3C36D03BD}.Release|Any CPU.ActiveCfg = Release|Any CPU
		{D5275B88-AD94-4BA7-8D2B-68B3C36D03BD}.Release|Any CPU.Build.0 = Release|Any CPU
		{4E5BDB48-8522-45F3-A666-69DA999FB18A}.Debug|Any CPU.ActiveCfg = Debug|Any CPU
		{4E5BDB48-8522-45F3-A666-69DA999FB18A}.Debug|Any CPU.Build.0 = Debug|Any CPU
		{4E5BDB48-8522-45F3-A666-69DA999FB18A}.Release|Any CPU.ActiveCfg = Release|Any CPU
		{4E5BDB48-8522-45F3-A666-69DA999FB18A}.Release|Any CPU.Build.0 = Release|Any CPU
		{53AB9325-08D7-4FDD-BE9F-11F42F96FC95}.Debug|Any CPU.ActiveCfg = Debug|Any CPU
		{53AB9325-08D7-4FDD-BE9F-11F42F96FC95}.Debug|Any CPU.Build.0 = Debug|Any CPU
		{53AB9325-08D7-4FDD-BE9F-11F42F96FC95}.Release|Any CPU.ActiveCfg = Release|Any CPU
		{53AB9325-08D7-4FDD-BE9F-11F42F96FC95}.Release|Any CPU.Build.0 = Release|Any CPU
	EndGlobalSection
	GlobalSection(SolutionProperties) = preSolution
		HideSolutionNode = FALSE
	EndGlobalSection
	GlobalSection(ExtensibilityGlobals) = postSolution
		SolutionGuid = {E853AF61-665C-43BA-99B2-3BBE1C48BC64}
	EndGlobalSection
EndGlobal
